Microsoft Visual Studio Solution File, Format Version 12.00
# Visual Studio 14
VisualStudioVersion = 14.0.25420.1
MinimumVisualStudioVersion = 10.0.40219.1
Project("{FAE04EC0-301F-11D3-BF4B-00C04F79EFBC}") = "Microsoft.WindowsAzure.Mobile", "src\Microsoft.WindowsAzure.MobileServices\Microsoft.WindowsAzure.Mobile.csproj", "{75557793-E36E-4190-8714-5BD2665859FB}"
EndProject
Project("{2150E333-8FDC-42A3-9474-1A3956D46DE8}") = "src", "src", "{BA83494B-A52F-4CC8-B2BE-E339376AD2D5}"
EndProject
Project("{2150E333-8FDC-42A3-9474-1A3956D46DE8}") = "unittest", "unittest", "{45E57CDC-7178-4915-8D0B-CF80F5E44AF6}"
EndProject
Project("{FAE04EC0-301F-11D3-BF4B-00C04F79EFBC}") = "Microsoft.WindowsAzure.Mobile.Ext.UWP", "src\Microsoft.WindowsAzure.MobileServices.UWP\Microsoft.WindowsAzure.Mobile.Ext.UWP.csproj", "{41E0BBEA-091B-4C06-AE08-B7F50E2BEB8A}"
EndProject
Project("{FAE04EC0-301F-11D3-BF4B-00C04F79EFBC}") = "Microsoft.WindowsAzure.Mobile.Test", "unittest\Microsoft.WindowsAzure.MobileServices.Test\Microsoft.WindowsAzure.Mobile.Test.csproj", "{05B6709B-C25A-4C1D-8D61-9E05BEE0DB86}"
EndProject
Project("{FAE04EC0-301F-11D3-BF4B-00C04F79EFBC}") = "Microsoft.WindowsAzure.Mobile.TestFramework", "unittest\Microsoft.WindowsAzure.MobileServices.TestFramework\Microsoft.WindowsAzure.Mobile.TestFramework.csproj", "{3CFFB62F-3384-4D71-BADC-7542D5C31A9E}"
EndProject
Project("{FAE04EC0-301F-11D3-BF4B-00C04F79EFBC}") = "Microsoft.WindowsAzure.Mobile.UWP.Test", "unittest\Microsoft.WindowsAzure.MobileServices.UWP.Test\Microsoft.WindowsAzure.Mobile.UWP.Test.csproj", "{882C5B40-F18B-4873-AB65-392154F441DF}"
EndProject
Project("{FAE04EC0-301F-11D3-BF4B-00C04F79EFBC}") = "Microsoft.WindowsAzure.Mobile.Ext.Net45", "src\Microsoft.WindowsAzure.MobileServices.Net45\Microsoft.WindowsAzure.Mobile.Ext.Net45.csproj", "{8BE160B5-ADBF-4FE0-A0E2-A4A77A87E620}"
EndProject
Project("{FAE04EC0-301F-11D3-BF4B-00C04F79EFBC}") = "Microsoft.WindowsAzure.Mobile.Net45.Test", "unittest\Microsoft.WindowsAzure.Mobile.Net45.Test\Microsoft.WindowsAzure.Mobile.Net45.Test.csproj", "{BCF9BADC-8D46-4530-BF62-4C31C5DBB61F}"
EndProject
Project("{FAE04EC0-301F-11D3-BF4B-00C04F79EFBC}") = "Microsoft.WindowsAzure.Mobile.Test.Unit", "unittest\Microsoft.WindowsAzure.MobileServices.Test.Unit\Microsoft.WindowsAzure.Mobile.Test.Unit.csproj", "{574B5567-FF51-4B0F-A9ED-CC9F711E9156}"
EndProject
Global
	GlobalSection(SolutionConfigurationPlatforms) = preSolution
		Debug|Any CPU = Debug|Any CPU
		Debug|ARM = Debug|ARM
		Debug|x64 = Debug|x64
		Debug|x86 = Debug|x86
		Release|Any CPU = Release|Any CPU
		Release|ARM = Release|ARM
		Release|x64 = Release|x64
		Release|x86 = Release|x86
		Signed|Any CPU = Signed|Any CPU
		Signed|ARM = Signed|ARM
		Signed|x64 = Signed|x64
		Signed|x86 = Signed|x86
	EndGlobalSection
	GlobalSection(ProjectConfigurationPlatforms) = postSolution
		{75557793-E36E-4190-8714-5BD2665859FB}.Debug|Any CPU.ActiveCfg = Debug|Any CPU
		{75557793-E36E-4190-8714-5BD2665859FB}.Debug|Any CPU.Build.0 = Debug|Any CPU
		{75557793-E36E-4190-8714-5BD2665859FB}.Debug|ARM.ActiveCfg = Debug|Any CPU
		{75557793-E36E-4190-8714-5BD2665859FB}.Debug|x64.ActiveCfg = Debug|Any CPU
		{75557793-E36E-4190-8714-5BD2665859FB}.Debug|x86.ActiveCfg = Debug|Any CPU
		{75557793-E36E-4190-8714-5BD2665859FB}.Release|Any CPU.ActiveCfg = Release|Any CPU
		{75557793-E36E-4190-8714-5BD2665859FB}.Release|Any CPU.Build.0 = Release|Any CPU
		{75557793-E36E-4190-8714-5BD2665859FB}.Release|ARM.ActiveCfg = Release|Any CPU
		{75557793-E36E-4190-8714-5BD2665859FB}.Release|x64.ActiveCfg = Release|Any CPU
		{75557793-E36E-4190-8714-5BD2665859FB}.Release|x86.ActiveCfg = Release|Any CPU
		{75557793-E36E-4190-8714-5BD2665859FB}.Signed|Any CPU.ActiveCfg = Release|Any CPU
		{75557793-E36E-4190-8714-5BD2665859FB}.Signed|Any CPU.Build.0 = Release|Any CPU
		{75557793-E36E-4190-8714-5BD2665859FB}.Signed|ARM.ActiveCfg = Release|Any CPU
		{75557793-E36E-4190-8714-5BD2665859FB}.Signed|x64.ActiveCfg = Release|Any CPU
		{75557793-E36E-4190-8714-5BD2665859FB}.Signed|x86.ActiveCfg = Release|Any CPU
		{41E0BBEA-091B-4C06-AE08-B7F50E2BEB8A}.Debug|Any CPU.ActiveCfg = Debug|x86
		{41E0BBEA-091B-4C06-AE08-B7F50E2BEB8A}.Debug|ARM.ActiveCfg = Debug|x86
		{41E0BBEA-091B-4C06-AE08-B7F50E2BEB8A}.Debug|x64.ActiveCfg = Debug|x86
		{41E0BBEA-091B-4C06-AE08-B7F50E2BEB8A}.Debug|x86.ActiveCfg = Debug|x86
		{41E0BBEA-091B-4C06-AE08-B7F50E2BEB8A}.Debug|x86.Build.0 = Debug|x86
		{41E0BBEA-091B-4C06-AE08-B7F50E2BEB8A}.Release|Any CPU.ActiveCfg = Release|x86
		{41E0BBEA-091B-4C06-AE08-B7F50E2BEB8A}.Release|ARM.ActiveCfg = Release|x86
		{41E0BBEA-091B-4C06-AE08-B7F50E2BEB8A}.Release|x64.ActiveCfg = Release|x86
		{41E0BBEA-091B-4C06-AE08-B7F50E2BEB8A}.Release|x86.ActiveCfg = Release|x86
		{41E0BBEA-091B-4C06-AE08-B7F50E2BEB8A}.Release|x86.Build.0 = Release|x86
		{41E0BBEA-091B-4C06-AE08-B7F50E2BEB8A}.Signed|Any CPU.ActiveCfg = Release|x86
		{41E0BBEA-091B-4C06-AE08-B7F50E2BEB8A}.Signed|Any CPU.Build.0 = Release|x86
		{41E0BBEA-091B-4C06-AE08-B7F50E2BEB8A}.Signed|ARM.ActiveCfg = Release|x86
		{41E0BBEA-091B-4C06-AE08-B7F50E2BEB8A}.Signed|ARM.Build.0 = Release|x86
		{41E0BBEA-091B-4C06-AE08-B7F50E2BEB8A}.Signed|x64.ActiveCfg = Release|x86
		{41E0BBEA-091B-4C06-AE08-B7F50E2BEB8A}.Signed|x64.Build.0 = Release|x86
		{41E0BBEA-091B-4C06-AE08-B7F50E2BEB8A}.Signed|x86.ActiveCfg = Release|x86
		{41E0BBEA-091B-4C06-AE08-B7F50E2BEB8A}.Signed|x86.Build.0 = Release|x86
		{05B6709B-C25A-4C1D-8D61-9E05BEE0DB86}.Debug|Any CPU.ActiveCfg = Debug|Any CPU
		{05B6709B-C25A-4C1D-8D61-9E05BEE0DB86}.Debug|Any CPU.Build.0 = Debug|Any CPU
		{05B6709B-C25A-4C1D-8D61-9E05BEE0DB86}.Debug|ARM.ActiveCfg = Debug|Any CPU
		{05B6709B-C25A-4C1D-8D61-9E05BEE0DB86}.Debug|x64.ActiveCfg = Debug|Any CPU
		{05B6709B-C25A-4C1D-8D61-9E05BEE0DB86}.Debug|x86.ActiveCfg = Debug|Any CPU
		{05B6709B-C25A-4C1D-8D61-9E05BEE0DB86}.Release|Any CPU.ActiveCfg = Release|Any CPU
		{05B6709B-C25A-4C1D-8D61-9E05BEE0DB86}.Release|Any CPU.Build.0 = Release|Any CPU
		{05B6709B-C25A-4C1D-8D61-9E05BEE0DB86}.Release|ARM.ActiveCfg = Release|Any CPU
		{05B6709B-C25A-4C1D-8D61-9E05BEE0DB86}.Release|x64.ActiveCfg = Release|Any CPU
		{05B6709B-C25A-4C1D-8D61-9E05BEE0DB86}.Release|x86.ActiveCfg = Release|Any CPU
		{05B6709B-C25A-4C1D-8D61-9E05BEE0DB86}.Signed|Any CPU.ActiveCfg = Release|Any CPU
		{05B6709B-C25A-4C1D-8D61-9E05BEE0DB86}.Signed|Any CPU.Build.0 = Release|Any CPU
		{05B6709B-C25A-4C1D-8D61-9E05BEE0DB86}.Signed|ARM.ActiveCfg = Release|Any CPU
		{05B6709B-C25A-4C1D-8D61-9E05BEE0DB86}.Signed|x64.ActiveCfg = Release|Any CPU
		{05B6709B-C25A-4C1D-8D61-9E05BEE0DB86}.Signed|x86.ActiveCfg = Release|Any CPU
		{3CFFB62F-3384-4D71-BADC-7542D5C31A9E}.Debug|Any CPU.ActiveCfg = Debug|Any CPU
		{3CFFB62F-3384-4D71-BADC-7542D5C31A9E}.Debug|Any CPU.Build.0 = Debug|Any CPU
		{3CFFB62F-3384-4D71-BADC-7542D5C31A9E}.Debug|ARM.ActiveCfg = Debug|Any CPU
		{3CFFB62F-3384-4D71-BADC-7542D5C31A9E}.Debug|x64.ActiveCfg = Debug|Any CPU
		{3CFFB62F-3384-4D71-BADC-7542D5C31A9E}.Debug|x86.ActiveCfg = Debug|Any CPU
		{3CFFB62F-3384-4D71-BADC-7542D5C31A9E}.Release|Any CPU.ActiveCfg = Release|Any CPU
		{3CFFB62F-3384-4D71-BADC-7542D5C31A9E}.Release|Any CPU.Build.0 = Release|Any CPU
		{3CFFB62F-3384-4D71-BADC-7542D5C31A9E}.Release|ARM.ActiveCfg = Release|Any CPU
		{3CFFB62F-3384-4D71-BADC-7542D5C31A9E}.Release|x64.ActiveCfg = Release|Any CPU
		{3CFFB62F-3384-4D71-BADC-7542D5C31A9E}.Release|x86.ActiveCfg = Release|Any CPU
		{3CFFB62F-3384-4D71-BADC-7542D5C31A9E}.Signed|Any CPU.ActiveCfg = Release|Any CPU
		{3CFFB62F-3384-4D71-BADC-7542D5C31A9E}.Signed|Any CPU.Build.0 = Release|Any CPU
		{3CFFB62F-3384-4D71-BADC-7542D5C31A9E}.Signed|ARM.ActiveCfg = Release|Any CPU
		{3CFFB62F-3384-4D71-BADC-7542D5C31A9E}.Signed|x64.ActiveCfg = Release|Any CPU
		{3CFFB62F-3384-4D71-BADC-7542D5C31A9E}.Signed|x86.ActiveCfg = Release|Any CPU
		{882C5B40-F18B-4873-AB65-392154F441DF}.Debug|Any CPU.ActiveCfg = Debug|x86
		{882C5B40-F18B-4873-AB65-392154F441DF}.Debug|ARM.ActiveCfg = Debug|ARM
		{882C5B40-F18B-4873-AB65-392154F441DF}.Debug|ARM.Build.0 = Debug|ARM
		{882C5B40-F18B-4873-AB65-392154F441DF}.Debug|ARM.Deploy.0 = Debug|ARM
		{882C5B40-F18B-4873-AB65-392154F441DF}.Debug|x64.ActiveCfg = Debug|x64
		{882C5B40-F18B-4873-AB65-392154F441DF}.Debug|x64.Build.0 = Debug|x64
		{882C5B40-F18B-4873-AB65-392154F441DF}.Debug|x64.Deploy.0 = Debug|x64
		{882C5B40-F18B-4873-AB65-392154F441DF}.Debug|x86.ActiveCfg = Debug|x86
		{882C5B40-F18B-4873-AB65-392154F441DF}.Debug|x86.Build.0 = Debug|x86
		{882C5B40-F18B-4873-AB65-392154F441DF}.Debug|x86.Deploy.0 = Debug|x86
		{882C5B40-F18B-4873-AB65-392154F441DF}.Release|Any CPU.ActiveCfg = Release|x86
		{882C5B40-F18B-4873-AB65-392154F441DF}.Release|ARM.ActiveCfg = Release|ARM
		{882C5B40-F18B-4873-AB65-392154F441DF}.Release|ARM.Build.0 = Release|ARM
		{882C5B40-F18B-4873-AB65-392154F441DF}.Release|ARM.Deploy.0 = Release|ARM
		{882C5B40-F18B-4873-AB65-392154F441DF}.Release|x64.ActiveCfg = Release|x64
		{882C5B40-F18B-4873-AB65-392154F441DF}.Release|x64.Build.0 = Release|x64
		{882C5B40-F18B-4873-AB65-392154F441DF}.Release|x64.Deploy.0 = Release|x64
		{882C5B40-F18B-4873-AB65-392154F441DF}.Release|x86.ActiveCfg = Release|x86
		{882C5B40-F18B-4873-AB65-392154F441DF}.Release|x86.Build.0 = Release|x86
		{882C5B40-F18B-4873-AB65-392154F441DF}.Release|x86.Deploy.0 = Release|x86
		{882C5B40-F18B-4873-AB65-392154F441DF}.Signed|Any CPU.ActiveCfg = Release|x86
		{882C5B40-F18B-4873-AB65-392154F441DF}.Signed|Any CPU.Build.0 = Release|x86
		{882C5B40-F18B-4873-AB65-392154F441DF}.Signed|Any CPU.Deploy.0 = Release|x86
		{882C5B40-F18B-4873-AB65-392154F441DF}.Signed|ARM.ActiveCfg = Release|ARM
		{882C5B40-F18B-4873-AB65-392154F441DF}.Signed|ARM.Build.0 = Release|ARM
		{882C5B40-F18B-4873-AB65-392154F441DF}.Signed|ARM.Deploy.0 = Release|ARM
		{882C5B40-F18B-4873-AB65-392154F441DF}.Signed|x64.ActiveCfg = Release|x64
		{882C5B40-F18B-4873-AB65-392154F441DF}.Signed|x64.Build.0 = Release|x64
		{882C5B40-F18B-4873-AB65-392154F441DF}.Signed|x64.Deploy.0 = Release|x64
		{882C5B40-F18B-4873-AB65-392154F441DF}.Signed|x86.ActiveCfg = Release|x86
		{882C5B40-F18B-4873-AB65-392154F441DF}.Signed|x86.Build.0 = Release|x86
		{882C5B40-F18B-4873-AB65-392154F441DF}.Signed|x86.Deploy.0 = Release|x86
		{8BE160B5-ADBF-4FE0-A0E2-A4A77A87E620}.Debug|Any CPU.ActiveCfg = Debug|Any CPU
		{8BE160B5-ADBF-4FE0-A0E2-A4A77A87E620}.Debug|Any CPU.Build.0 = Debug|Any CPU
		{8BE160B5-ADBF-4FE0-A0E2-A4A77A87E620}.Debug|ARM.ActiveCfg = Debug|Any CPU
		{8BE160B5-ADBF-4FE0-A0E2-A4A77A87E620}.Debug|x64.ActiveCfg = Debug|Any CPU
		{8BE160B5-ADBF-4FE0-A0E2-A4A77A87E620}.Debug|x86.ActiveCfg = Debug|Any CPU
		{8BE160B5-ADBF-4FE0-A0E2-A4A77A87E620}.Release|Any CPU.ActiveCfg = Release|Any CPU
		{8BE160B5-ADBF-4FE0-A0E2-A4A77A87E620}.Release|Any CPU.Build.0 = Release|Any CPU
		{8BE160B5-ADBF-4FE0-A0E2-A4A77A87E620}.Release|ARM.ActiveCfg = Release|Any CPU
		{8BE160B5-ADBF-4FE0-A0E2-A4A77A87E620}.Release|x64.ActiveCfg = Release|Any CPU
		{8BE160B5-ADBF-4FE0-A0E2-A4A77A87E620}.Release|x86.ActiveCfg = Release|Any CPU
		{8BE160B5-ADBF-4FE0-A0E2-A4A77A87E620}.Signed|Any CPU.ActiveCfg = Release|Any CPU
		{8BE160B5-ADBF-4FE0-A0E2-A4A77A87E620}.Signed|Any CPU.Build.0 = Release|Any CPU
		{8BE160B5-ADBF-4FE0-A0E2-A4A77A87E620}.Signed|ARM.ActiveCfg = Release|Any CPU
		{8BE160B5-ADBF-4FE0-A0E2-A4A77A87E620}.Signed|x64.ActiveCfg = Release|Any CPU
		{8BE160B5-ADBF-4FE0-A0E2-A4A77A87E620}.Signed|x86.ActiveCfg = Release|Any CPU
		{BCF9BADC-8D46-4530-BF62-4C31C5DBB61F}.Debug|Any CPU.ActiveCfg = Debug|Any CPU
		{BCF9BADC-8D46-4530-BF62-4C31C5DBB61F}.Debug|Any CPU.Build.0 = Debug|Any CPU
		{BCF9BADC-8D46-4530-BF62-4C31C5DBB61F}.Debug|ARM.ActiveCfg = Debug|Any CPU
		{BCF9BADC-8D46-4530-BF62-4C31C5DBB61F}.Debug|x64.ActiveCfg = Debug|Any CPU
		{BCF9BADC-8D46-4530-BF62-4C31C5DBB61F}.Debug|x86.ActiveCfg = Debug|Any CPU
		{BCF9BADC-8D46-4530-BF62-4C31C5DBB61F}.Release|Any CPU.ActiveCfg = Release|Any CPU
		{BCF9BADC-8D46-4530-BF62-4C31C5DBB61F}.Release|Any CPU.Build.0 = Release|Any CPU
		{BCF9BADC-8D46-4530-BF62-4C31C5DBB61F}.Release|ARM.ActiveCfg = Release|Any CPU
		{BCF9BADC-8D46-4530-BF62-4C31C5DBB61F}.Release|x64.ActiveCfg = Release|Any CPU
		{BCF9BADC-8D46-4530-BF62-4C31C5DBB61F}.Release|x86.ActiveCfg = Release|Any CPU
		{BCF9BADC-8D46-4530-BF62-4C31C5DBB61F}.Signed|Any CPU.ActiveCfg = Release|Any CPU
		{BCF9BADC-8D46-4530-BF62-4C31C5DBB61F}.Signed|Any CPU.Build.0 = Release|Any CPU
		{BCF9BADC-8D46-4530-BF62-4C31C5DBB61F}.Signed|ARM.ActiveCfg = Release|Any CPU
		{BCF9BADC-8D46-4530-BF62-4C31C5DBB61F}.Signed|x64.ActiveCfg = Release|Any CPU
		{BCF9BADC-8D46-4530-BF62-4C31C5DBB61F}.Signed|x86.ActiveCfg = Release|Any CPU
		{574B5567-FF51-4B0F-A9ED-CC9F711E9156}.Debug|Any CPU.ActiveCfg = Debug|Any CPU
		{574B5567-FF51-4B0F-A9ED-CC9F711E9156}.Debug|Any CPU.Build.0 = Debug|Any CPU
		{574B5567-FF51-4B0F-A9ED-CC9F711E9156}.Debug|ARM.ActiveCfg = Debug|Any CPU
		{574B5567-FF51-4B0F-A9ED-CC9F711E9156}.Debug|x64.ActiveCfg = Debug|Any CPU
		{574B5567-FF51-4B0F-A9ED-CC9F711E9156}.Debug|x86.ActiveCfg = Debug|Any CPU
		{574B5567-FF51-4B0F-A9ED-CC9F711E9156}.Release|Any CPU.ActiveCfg = Release|Any CPU
		{574B5567-FF51-4B0F-A9ED-CC9F711E9156}.Release|Any CPU.Build.0 = Release|Any CPU
		{574B5567-FF51-4B0F-A9ED-CC9F711E9156}.Release|ARM.ActiveCfg = Release|Any CPU
		{574B5567-FF51-4B0F-A9ED-CC9F711E9156}.Release|x64.ActiveCfg = Release|Any CPU
		{574B5567-FF51-4B0F-A9ED-CC9F711E9156}.Release|x86.ActiveCfg = Release|Any CPU
		{574B5567-FF51-4B0F-A9ED-CC9F711E9156}.Signed|Any CPU.ActiveCfg = Release|Any CPU
		{574B5567-FF51-4B0F-A9ED-CC9F711E9156}.Signed|Any CPU.Build.0 = Release|Any CPU
		{574B5567-FF51-4B0F-A9ED-CC9F711E9156}.Signed|ARM.ActiveCfg = Release|Any CPU
		{574B5567-FF51-4B0F-A9ED-CC9F711E9156}.Signed|x64.ActiveCfg = Release|Any CPU
		{574B5567-FF51-4B0F-A9ED-CC9F711E9156}.Signed|x86.ActiveCfg = Release|Any CPU
	EndGlobalSection
	GlobalSection(SolutionProperties) = preSolution
		HideSolutionNode = FALSE
	EndGlobalSection
	GlobalSection(NestedProjects) = preSolution
		{75557793-E36E-4190-8714-5BD2665859FB} = {BA83494B-A52F-4CC8-B2BE-E339376AD2D5}
		{41E0BBEA-091B-4C06-AE08-B7F50E2BEB8A} = {BA83494B-A52F-4CC8-B2BE-E339376AD2D5}
		{05B6709B-C25A-4C1D-8D61-9E05BEE0DB86} = {45E57CDC-7178-4915-8D0B-CF80F5E44AF6}
		{3CFFB62F-3384-4D71-BADC-7542D5C31A9E} = {45E57CDC-7178-4915-8D0B-CF80F5E44AF6}
		{882C5B40-F18B-4873-AB65-392154F441DF} = {45E57CDC-7178-4915-8D0B-CF80F5E44AF6}
		{8BE160B5-ADBF-4FE0-A0E2-A4A77A87E620} = {BA83494B-A52F-4CC8-B2BE-E339376AD2D5}
		{BCF9BADC-8D46-4530-BF62-4C31C5DBB61F} = {45E57CDC-7178-4915-8D0B-CF80F5E44AF6}
		{574B5567-FF51-4B0F-A9ED-CC9F711E9156} = {45E57CDC-7178-4915-8D0B-CF80F5E44AF6}
	EndGlobalSection
EndGlobal
